// !$*UTF8*$!
{
	archiveVersion = 1;
	classes = {
	};
	objectVersion = 46;
	objects = {

/* Begin PBXBuildFile section */
		7C9104A11C2122CD003EF1D0 /* OAuthViewController.swift in Sources */ = {isa = PBXBuildFile; fileRef = 7C9104A01C2122CD003EF1D0 /* OAuthViewController.swift */; };
		7C9104A31C212313003EF1D0 /* NewFeatureViewController.swift in Sources */ = {isa = PBXBuildFile; fileRef = 7C9104A21C212313003EF1D0 /* NewFeatureViewController.swift */; };
		7C9104A51C212341003EF1D0 /* WelcomeViewController.swift in Sources */ = {isa = PBXBuildFile; fileRef = 7C9104A41C212341003EF1D0 /* WelcomeViewController.swift */; };
		7CDBF8901C1DDD3200579199 /* UserAccount.swift in Sources */ = {isa = PBXBuildFile; fileRef = 7CDBF88F1C1DDD3200579199 /* UserAccount.swift */; };
		7CDBF8921C1EA3EB00579199 /* UserAccountViewModel.swift in Sources */ = {isa = PBXBuildFile; fileRef = 7CDBF8911C1EA3EB00579199 /* UserAccountViewModel.swift */; };
		7CE0252C1C1C6B3700A16B7C /* MainTabBar.swift in Sources */ = {isa = PBXBuildFile; fileRef = 7CE0252B1C1C6B3700A16B7C /* MainTabBar.swift */; };
		7CE025301C1C805100A16B7C /* BaseTableViewController.swift in Sources */ = {isa = PBXBuildFile; fileRef = 7CE0252F1C1C805100A16B7C /* BaseTableViewController.swift */; };
		7CE025331C1C875400A16B7C /* VisitorLoginView.swift in Sources */ = {isa = PBXBuildFile; fileRef = 7CE025321C1C875400A16B7C /* VisitorLoginView.swift */; };
		7CE025351C1C8AF600A16B7C /* commom.swift in Sources */ = {isa = PBXBuildFile; fileRef = 7CE025341C1C8AF600A16B7C /* commom.swift */; };
		7CE2112D1C1BC0FD004212F1 /* AppDelegate.swift in Sources */ = {isa = PBXBuildFile; fileRef = 7CE2112C1C1BC0FD004212F1 /* AppDelegate.swift */; };
		7CE211341C1BC0FD004212F1 /* Assets.xcassets in Resources */ = {isa = PBXBuildFile; fileRef = 7CE211331C1BC0FD004212F1 /* Assets.xcassets */; };
		7CE211421C1BC0FD004212F1 /* sina_htfTests.swift in Sources */ = {isa = PBXBuildFile; fileRef = 7CE211411C1BC0FD004212F1 /* sina_htfTests.swift */; };
		7CE2114D1C1BC0FD004212F1 /* sina_htfUITests.swift in Sources */ = {isa = PBXBuildFile; fileRef = 7CE2114C1C1BC0FD004212F1 /* sina_htfUITests.swift */; };
		7CE211E51C1BE4DB004212F1 /* MainViewController.swift in Sources */ = {isa = PBXBuildFile; fileRef = 7CE211E41C1BE4DB004212F1 /* MainViewController.swift */; };
		7CE211E71C1BE4F5004212F1 /* HomeTableViewController.swift in Sources */ = {isa = PBXBuildFile; fileRef = 7CE211E61C1BE4F5004212F1 /* HomeTableViewController.swift */; };
		7CE211E91C1BE52C004212F1 /* MessageTableViewController.swift in Sources */ = {isa = PBXBuildFile; fileRef = 7CE211E81C1BE52C004212F1 /* MessageTableViewController.swift */; };
		7CE211EB1C1BE53E004212F1 /* DiscoverTableViewController.swift in Sources */ = {isa = PBXBuildFile; fileRef = 7CE211EA1C1BE53E004212F1 /* DiscoverTableViewController.swift */; };
		7CE211ED1C1BE54C004212F1 /* ProfileTableViewController.swift in Sources */ = {isa = PBXBuildFile; fileRef = 7CE211EC1C1BE54C004212F1 /* ProfileTableViewController.swift */; };
		FC0E4D2917E1B47D98D0A718 /* Pods.framework in Frameworks */ = {isa = PBXBuildFile; fileRef = 2AAD74764925C9FA2294C88C /* Pods.framework */; };
/* End PBXBuildFile section */

/* Begin PBXContainerItemProxy section */
		7CE2113E1C1BC0FD004212F1 /* PBXContainerItemProxy */ = {
			isa = PBXContainerItemProxy;
			containerPortal = 7CE211211C1BC0FD004212F1 /* Project object */;
			proxyType = 1;
			remoteGlobalIDString = 7CE211281C1BC0FD004212F1;
			remoteInfo = sina_htf;
		};
		7CE211491C1BC0FD004212F1 /* PBXContainerItemProxy */ = {
			isa = PBXContainerItemProxy;
			containerPortal = 7CE211211C1BC0FD004212F1 /* Project object */;
			proxyType = 1;
			remoteGlobalIDString = 7CE211281C1BC0FD004212F1;
			remoteInfo = sina_htf;
		};
/* End PBXContainerItemProxy section */

/* Begin PBXFileReference section */
		1DCD64D8A849D3B97C8F8BD8 /* Pods.release.xcconfig */ = {isa = PBXFileReference; includeInIndex = 1; lastKnownFileType = text.xcconfig; name = Pods.release.xcconfig; path = "Pods/Target Support Files/Pods/Pods.release.xcconfig"; sourceTree = "<group>"; };
		2AAD74764925C9FA2294C88C /* Pods.framework */ = {isa = PBXFileReference; explicitFileType = wrapper.framework; includeInIndex = 0; path = Pods.framework; sourceTree = BUILT_PRODUCTS_DIR; };
		7C9104A01C2122CD003EF1D0 /* OAuthViewController.swift */ = {isa = PBXFileReference; fileEncoding = 4; lastKnownFileType = sourcecode.swift; name = OAuthViewController.swift; path = OAuth/OAuthViewController.swift; sourceTree = "<group>"; };
		7C9104A21C212313003EF1D0 /* NewFeatureViewController.swift */ = {isa = PBXFileReference; fileEncoding = 4; lastKnownFileType = sourcecode.swift; path = NewFeatureViewController.swift; sourceTree = "<group>"; };
		7C9104A41C212341003EF1D0 /* WelcomeViewController.swift */ = {isa = PBXFileReference; fileEncoding = 4; lastKnownFileType = sourcecode.swift; path = WelcomeViewController.swift; sourceTree = "<group>"; };
		7CDBF88F1C1DDD3200579199 /* UserAccount.swift */ = {isa = PBXFileReference; fileEncoding = 4; lastKnownFileType = sourcecode.swift; name = UserAccount.swift; path = sina_htf/Classes/Model/UserAccount.swift; sourceTree = SOURCE_ROOT; };
		7CDBF8911C1EA3EB00579199 /* UserAccountViewModel.swift */ = {isa = PBXFileReference; fileEncoding = 4; lastKnownFileType = sourcecode.swift; path = UserAccountViewModel.swift; sourceTree = "<group>"; };
		7CE0252B1C1C6B3700A16B7C /* MainTabBar.swift */ = {isa = PBXFileReference; fileEncoding = 4; lastKnownFileType = sourcecode.swift; path = MainTabBar.swift; sourceTree = "<group>"; };
		7CE0252F1C1C805100A16B7C /* BaseTableViewController.swift */ = {isa = PBXFileReference; fileEncoding = 4; lastKnownFileType = sourcecode.swift; path = BaseTableViewController.swift; sourceTree = "<group>"; };
		7CE025321C1C875400A16B7C /* VisitorLoginView.swift */ = {isa = PBXFileReference; fileEncoding = 4; lastKnownFileType = sourcecode.swift; path = VisitorLoginView.swift; sourceTree = "<group>"; };
		7CE025341C1C8AF600A16B7C /* commom.swift */ = {isa = PBXFileReference; fileEncoding = 4; lastKnownFileType = sourcecode.swift; path = commom.swift; sourceTree = "<group>"; };
		7CE211291C1BC0FD004212F1 /* sina_htf.app */ = {isa = PBXFileReference; explicitFileType = wrapper.application; includeInIndex = 0; path = sina_htf.app; sourceTree = BUILT_PRODUCTS_DIR; };
		7CE2112C1C1BC0FD004212F1 /* AppDelegate.swift */ = {isa = PBXFileReference; lastKnownFileType = sourcecode.swift; path = AppDelegate.swift; sourceTree = "<group>"; };
		7CE211331C1BC0FD004212F1 /* Assets.xcassets */ = {isa = PBXFileReference; lastKnownFileType = folder.assetcatalog; path = Assets.xcassets; sourceTree = "<group>"; };
		7CE211381C1BC0FD004212F1 /* Info.plist */ = {isa = PBXFileReference; lastKnownFileType = text.plist.xml; path = Info.plist; sourceTree = "<group>"; };
		7CE2113D1C1BC0FD004212F1 /* sina_htfTests.xctest */ = {isa = PBXFileReference; explicitFileType = wrapper.cfbundle; includeInIndex = 0; path = sina_htfTests.xctest; sourceTree = BUILT_PRODUCTS_DIR; };
		7CE211411C1BC0FD004212F1 /* sina_htfTests.swift */ = {isa = PBXFileReference; lastKnownFileType = sourcecode.swift; path = sina_htfTests.swift; sourceTree = "<group>"; };
		7CE211431C1BC0FD004212F1 /* Info.plist */ = {isa = PBXFileReference; lastKnownFileType = text.plist.xml; path = Info.plist; sourceTree = "<group>"; };
		7CE211481C1BC0FD004212F1 /* sina_htfUITests.xctest */ = {isa = PBXFileReference; explicitFileType = wrapper.cfbundle; includeInIndex = 0; path = sina_htfUITests.xctest; sourceTree = BUILT_PRODUCTS_DIR; };
		7CE2114C1C1BC0FD004212F1 /* sina_htfUITests.swift */ = {isa = PBXFileReference; lastKnownFileType = sourcecode.swift; path = sina_htfUITests.swift; sourceTree = "<group>"; };
		7CE2114E1C1BC0FD004212F1 /* Info.plist */ = {isa = PBXFileReference; lastKnownFileType = text.plist.xml; path = Info.plist; sourceTree = "<group>"; };
		7CE211E41C1BE4DB004212F1 /* MainViewController.swift */ = {isa = PBXFileReference; fileEncoding = 4; lastKnownFileType = sourcecode.swift; path = MainViewController.swift; sourceTree = "<group>"; };
		7CE211E61C1BE4F5004212F1 /* HomeTableViewController.swift */ = {isa = PBXFileReference; fileEncoding = 4; lastKnownFileType = sourcecode.swift; path = HomeTableViewController.swift; sourceTree = "<group>"; };
		7CE211E81C1BE52C004212F1 /* MessageTableViewController.swift */ = {isa = PBXFileReference; fileEncoding = 4; lastKnownFileType = sourcecode.swift; path = MessageTableViewController.swift; sourceTree = "<group>"; };
		7CE211EA1C1BE53E004212F1 /* DiscoverTableViewController.swift */ = {isa = PBXFileReference; fileEncoding = 4; lastKnownFileType = sourcecode.swift; path = DiscoverTableViewController.swift; sourceTree = "<group>"; };
		7CE211EC1C1BE54C004212F1 /* ProfileTableViewController.swift */ = {isa = PBXFileReference; fileEncoding = 4; lastKnownFileType = sourcecode.swift; path = ProfileTableViewController.swift; sourceTree = "<group>"; };
		E3E69F135BC47DE22ABBF23A /* Pods.debug.xcconfig */ = {isa = PBXFileReference; includeInIndex = 1; lastKnownFileType = text.xcconfig; name = Pods.debug.xcconfig; path = "Pods/Target Support Files/Pods/Pods.debug.xcconfig"; sourceTree = "<group>"; };
/* End PBXFileReference section */

/* Begin PBXFrameworksBuildPhase section */
		7CE211261C1BC0FD004212F1 /* Frameworks */ = {
			isa = PBXFrameworksBuildPhase;
			buildActionMask = 2147483647;
			files = (
				FC0E4D2917E1B47D98D0A718 /* Pods.framework in Frameworks */,
			);
			runOnlyForDeploymentPostprocessing = 0;
		};
		7CE2113A1C1BC0FD004212F1 /* Frameworks */ = {
			isa = PBXFrameworksBuildPhase;
			buildActionMask = 2147483647;
			files = (
			);
			runOnlyForDeploymentPostprocessing = 0;
		};
		7CE211451C1BC0FD004212F1 /* Frameworks */ = {
			isa = PBXFrameworksBuildPhase;
			buildActionMask = 2147483647;
			files = (
			);
			runOnlyForDeploymentPostprocessing = 0;
		};
/* End PBXFrameworksBuildPhase section */

/* Begin PBXGroup section */
		7C22BB3B59E04A3EC50A9B80 /* Frameworks */ = {
			isa = PBXGroup;
			children = (
				2AAD74764925C9FA2294C88C /* Pods.framework */,
			);
			name = Frameworks;
			sourceTree = "<group>";
		};
		7C8EDE731C1D1AC300DF69B6 /* OAuth */ = {
			isa = PBXGroup;
			children = (
				7C9104A01C2122CD003EF1D0 /* OAuthViewController.swift */,
			);
			name = OAuth;
			sourceTree = "<group>";
		};
		7C91049F1C21221A003EF1D0 /* NewFeature */ = {
			isa = PBXGroup;
			children = (
				7C9104A21C212313003EF1D0 /* NewFeatureViewController.swift */,
				7C9104A41C212341003EF1D0 /* WelcomeViewController.swift */,
			);
			path = NewFeature;
			sourceTree = "<group>";
		};
		7CE025311C1C86BD00A16B7C /* VisitorLoginView */ = {
			isa = PBXGroup;
			children = (
				7CE025321C1C875400A16B7C /* VisitorLoginView.swift */,
			);
			path = VisitorLoginView;
			sourceTree = "<group>";
		};
		7CE211201C1BC0FD004212F1 = {
			isa = PBXGroup;
			children = (
				7CE2112B1C1BC0FD004212F1 /* sina_htf */,
				7CE211401C1BC0FD004212F1 /* sina_htfTests */,
				7CE2114B1C1BC0FD004212F1 /* sina_htfUITests */,
				7CE2112A1C1BC0FD004212F1 /* Products */,
				9B704D63F36F74056CE7F1CA /* Pods */,
				7C22BB3B59E04A3EC50A9B80 /* Frameworks */,
			);
			sourceTree = "<group>";
		};
		7CE2112A1C1BC0FD004212F1 /* Products */ = {
			isa = PBXGroup;
			children = (
				7CE211291C1BC0FD004212F1 /* sina_htf.app */,
				7CE2113D1C1BC0FD004212F1 /* sina_htfTests.xctest */,
				7CE211481C1BC0FD004212F1 /* sina_htfUITests.xctest */,
			);
			name = Products;
			sourceTree = "<group>";
		};
		7CE2112B1C1BC0FD004212F1 /* sina_htf */ = {
			isa = PBXGroup;
			children = (
				7CE211D81C1BE39A004212F1 /* Classes */,
				7CE2112C1C1BC0FD004212F1 /* AppDelegate.swift */,
				7CE211331C1BC0FD004212F1 /* Assets.xcassets */,
				7CE211381C1BC0FD004212F1 /* Info.plist */,
			);
			path = sina_htf;
			sourceTree = "<group>";
		};
		7CE211401C1BC0FD004212F1 /* sina_htfTests */ = {
			isa = PBXGroup;
			children = (
				7CE211411C1BC0FD004212F1 /* sina_htfTests.swift */,
				7CE211431C1BC0FD004212F1 /* Info.plist */,
			);
			path = sina_htfTests;
			sourceTree = "<group>";
		};
		7CE2114B1C1BC0FD004212F1 /* sina_htfUITests */ = {
			isa = PBXGroup;
			children = (
				7CE2114C1C1BC0FD004212F1 /* sina_htfUITests.swift */,
				7CE2114E1C1BC0FD004212F1 /* Info.plist */,
			);
			path = sina_htfUITests;
			sourceTree = "<group>";
		};
		7CE211D81C1BE39A004212F1 /* Classes */ = {
			isa = PBXGroup;
			children = (
				7CE211D91C1BE39A004212F1 /* Model */,
				7CE211DA1C1BE39A004212F1 /* Module */,
				7CE211E01C1BE39A004212F1 /* Tools */,
				7CE211E11C1BE39A004212F1 /* ViewModle */,
			);
			path = Classes;
			sourceTree = "<group>";
		};
		7CE211D91C1BE39A004212F1 /* Model */ = {
			isa = PBXGroup;
			children = (
				7CDBF88F1C1DDD3200579199 /* UserAccount.swift */,
			);
			path = Model;
			sourceTree = "<group>";
		};
		7CE211DA1C1BE39A004212F1 /* Module */ = {
			isa = PBXGroup;
			children = (
				7C91049F1C21221A003EF1D0 /* NewFeature */,
				7C8EDE731C1D1AC300DF69B6 /* OAuth */,
				7CE211DD1C1BE39A004212F1 /* Main */,
				7CE211DC1C1BE39A004212F1 /* Home */,
				7CE211DE1C1BE39A004212F1 /* Message */,
				7CE211DB1C1BE39A004212F1 /* Discover */,
				7CE211DF1C1BE39A004212F1 /* Profile */,
			);
			path = Module;
			sourceTree = "<group>";
		};
		7CE211DB1C1BE39A004212F1 /* Discover */ = {
			isa = PBXGroup;
			children = (
				7CE211EA1C1BE53E004212F1 /* DiscoverTableViewController.swift */,
			);
			path = Discover;
			sourceTree = "<group>";
		};
		7CE211DC1C1BE39A004212F1 /* Home */ = {
			isa = PBXGroup;
			children = (
				7CE211E61C1BE4F5004212F1 /* HomeTableViewController.swift */,
			);
			path = Home;
			sourceTree = "<group>";
		};
		7CE211DD1C1BE39A004212F1 /* Main */ = {
			isa = PBXGroup;
			children = (
				7CE025311C1C86BD00A16B7C /* VisitorLoginView */,
				7CE211E41C1BE4DB004212F1 /* MainViewController.swift */,
				7CE0252B1C1C6B3700A16B7C /* MainTabBar.swift */,
				7CE0252F1C1C805100A16B7C /* BaseTableViewController.swift */,
			);
			path = Main;
			sourceTree = "<group>";
		};
		7CE211DE1C1BE39A004212F1 /* Message */ = {
			isa = PBXGroup;
			children = (
				7CE211E81C1BE52C004212F1 /* MessageTableViewController.swift */,
			);
			path = Message;
			sourceTree = "<group>";
		};
		7CE211DF1C1BE39A004212F1 /* Profile */ = {
			isa = PBXGroup;
			children = (
				7CE211EC1C1BE54C004212F1 /* ProfileTableViewController.swift */,
			);
			path = Profile;
			sourceTree = "<group>";
		};
		7CE211E01C1BE39A004212F1 /* Tools */ = {
			isa = PBXGroup;
			children = (
				7CE025341C1C8AF600A16B7C /* commom.swift */,
			);
			path = Tools;
			sourceTree = "<group>";
		};
		7CE211E11C1BE39A004212F1 /* ViewModle */ = {
			isa = PBXGroup;
			children = (
				7CDBF8911C1EA3EB00579199 /* UserAccountViewModel.swift */,
			);
			path = ViewModle;
			sourceTree = "<group>";
		};
		9B704D63F36F74056CE7F1CA /* Pods */ = {
			isa = PBXGroup;
			children = (
				E3E69F135BC47DE22ABBF23A /* Pods.debug.xcconfig */,
				1DCD64D8A849D3B97C8F8BD8 /* Pods.release.xcconfig */,
			);
			name = Pods;
			sourceTree = "<group>";
		};
/* End PBXGroup section */

/* Begin PBXNativeTarget section */
		7CE211281C1BC0FD004212F1 /* sina_htf */ = {
			isa = PBXNativeTarget;
			buildConfigurationList = 7CE211511C1BC0FD004212F1 /* Build configuration list for PBXNativeTarget "sina_htf" */;
			buildPhases = (
				8FCA4128434D56243E53C1CB /* Check Pods Manifest.lock */,
				7CE211251C1BC0FD004212F1 /* Sources */,
				7CE211261C1BC0FD004212F1 /* Frameworks */,
				7CE211271C1BC0FD004212F1 /* Resources */,
				E2869671EFD26FE260209BDB /* Embed Pods Frameworks */,
				DF3F5F8ACBA8F34CC7B3C594 /* Copy Pods Resources */,
			);
			buildRules = (
			);
			dependencies = (
			);
			name = sina_htf;
			productName = sina_htf;
			productReference = 7CE211291C1BC0FD004212F1 /* sina_htf.app */;
			productType = "com.apple.product-type.application";
		};
		7CE2113C1C1BC0FD004212F1 /* sina_htfTests */ = {
			isa = PBXNativeTarget;
			buildConfigurationList = 7CE211541C1BC0FD004212F1 /* Build configuration list for PBXNativeTarget "sina_htfTests" */;
			buildPhases = (
				7CE211391C1BC0FD004212F1 /* Sources */,
				7CE2113A1C1BC0FD004212F1 /* Frameworks */,
				7CE2113B1C1BC0FD004212F1 /* Resources */,
			);
			buildRules = (
			);
			dependencies = (
				7CE2113F1C1BC0FD004212F1 /* PBXTargetDependency */,
			);
			name = sina_htfTests;
			productName = sina_htfTests;
			productReference = 7CE2113D1C1BC0FD004212F1 /* sina_htfTests.xctest */;
			productType = "com.apple.product-type.bundle.unit-test";
		};
		7CE211471C1BC0FD004212F1 /* sina_htfUITests */ = {
			isa = PBXNativeTarget;
			buildConfigurationList = 7CE211571C1BC0FD004212F1 /* Build configuration list for PBXNativeTarget "sina_htfUITests" */;
			buildPhases = (
				7CE211441C1BC0FD004212F1 /* Sources */,
				7CE211451C1BC0FD004212F1 /* Frameworks */,
				7CE211461C1BC0FD004212F1 /* Resources */,
			);
			buildRules = (
			);
			dependencies = (
				7CE2114A1C1BC0FD004212F1 /* PBXTargetDependency */,
			);
			name = sina_htfUITests;
			productName = sina_htfUITests;
			productReference = 7CE211481C1BC0FD004212F1 /* sina_htfUITests.xctest */;
			productType = "com.apple.product-type.bundle.ui-testing";
		};
/* End PBXNativeTarget section */

/* Begin PBXProject section */
		7CE211211C1BC0FD004212F1 /* Project object */ = {
			isa = PBXProject;
			attributes = {
				LastSwiftUpdateCheck = 0720;
				LastUpgradeCheck = 0720;
				ORGANIZATIONNAME = hetefe;
				TargetAttributes = {
					7CE211281C1BC0FD004212F1 = {
						CreatedOnToolsVersion = 7.2;
						DevelopmentTeam = 754TY7VH2R;
					};
					7CE2113C1C1BC0FD004212F1 = {
						CreatedOnToolsVersion = 7.2;
						DevelopmentTeam = 754TY7VH2R;
						TestTargetID = 7CE211281C1BC0FD004212F1;
					};
					7CE211471C1BC0FD004212F1 = {
						CreatedOnToolsVersion = 7.2;
						DevelopmentTeam = 754TY7VH2R;
						TestTargetID = 7CE211281C1BC0FD004212F1;
					};
				};
			};
			buildConfigurationList = 7CE211241C1BC0FD004212F1 /* Build configuration list for PBXProject "sina_htf" */;
			compatibilityVersion = "Xcode 3.2";
			developmentRegion = English;
			hasScannedForEncodings = 0;
			knownRegions = (
				en,
				Base,
			);
			mainGroup = 7CE211201C1BC0FD004212F1;
			productRefGroup = 7CE2112A1C1BC0FD004212F1 /* Products */;
			projectDirPath = "";
			projectRoot = "";
			targets = (
				7CE211281C1BC0FD004212F1 /* sina_htf */,
				7CE2113C1C1BC0FD004212F1 /* sina_htfTests */,
				7CE211471C1BC0FD004212F1 /* sina_htfUITests */,
			);
		};
/* End PBXProject section */

/* Begin PBXResourcesBuildPhase section */
		7CE211271C1BC0FD004212F1 /* Resources */ = {
			isa = PBXResourcesBuildPhase;
			buildActionMask = 2147483647;
			files = (
				7CE211341C1BC0FD004212F1 /* Assets.xcassets in Resources */,
			);
			runOnlyForDeploymentPostprocessing = 0;
		};
		7CE2113B1C1BC0FD004212F1 /* Resources */ = {
			isa = PBXResourcesBuildPhase;
			buildActionMask = 2147483647;
			files = (
			);
			runOnlyForDeploymentPostprocessing = 0;
		};
		7CE211461C1BC0FD004212F1 /* Resources */ = {
			isa = PBXResourcesBuildPhase;
			buildActionMask = 2147483647;
			files = (
			);
			runOnlyForDeploymentPostprocessing = 0;
		};
/* End PBXResourcesBuildPhase section */

/* Begin PBXShellScriptBuildPhase section */
		8FCA4128434D56243E53C1CB /* Check Pods Manifest.lock */ = {
			isa = PBXShellScriptBuildPhase;
			buildActionMask = 2147483647;
			files = (
			);
			inputPaths = (
			);
			name = "Check Pods Manifest.lock";
			outputPaths = (
			);
			runOnlyForDeploymentPostprocessing = 0;
			shellPath = /bin/sh;
			shellScript = "diff \"${PODS_ROOT}/../Podfile.lock\" \"${PODS_ROOT}/Manifest.lock\" > /dev/null\nif [[ $? != 0 ]] ; then\n    cat << EOM\nerror: The sandbox is not in sync with the Podfile.lock. Run 'pod install' or update your CocoaPods installation.\nEOM\n    exit 1\nfi\n";
			showEnvVarsInLog = 0;
		};
		DF3F5F8ACBA8F34CC7B3C594 /* Copy Pods Resources */ = {
			isa = PBXShellScriptBuildPhase;
			buildActionMask = 2147483647;
			files = (
			);
			inputPaths = (
			);
			name = "Copy Pods Resources";
			outputPaths = (
			);
			runOnlyForDeploymentPostprocessing = 0;
			shellPath = /bin/sh;
			shellScript = "\"${SRCROOT}/Pods/Target Support Files/Pods/Pods-resources.sh\"\n";
			showEnvVarsInLog = 0;
		};
		E2869671EFD26FE260209BDB /* Embed Pods Frameworks */ = {
			isa = PBXShellScriptBuildPhase;
			buildActionMask = 2147483647;
			files = (
			);
			inputPaths = (
			);
			name = "Embed Pods Frameworks";
			outputPaths = (
			);
			runOnlyForDeploymentPostprocessing = 0;
			shellPath = /bin/sh;
			shellScript = "\"${SRCROOT}/Pods/Target Support Files/Pods/Pods-frameworks.sh\"\n";
			showEnvVarsInLog = 0;
		};
/* End PBXShellScriptBuildPhase section */

/* Begin PBXSourcesBuildPhase section */
		7CE211251C1BC0FD004212F1 /* Sources */ = {
			isa = PBXSourcesBuildPhase;
			buildActionMask = 2147483647;
			files = (
				7CDBF8921C1EA3EB00579199 /* UserAccountViewModel.swift in Sources */,
				7CE211ED1C1BE54C004212F1 /* ProfileTableViewController.swift in Sources */,
				7CE211E71C1BE4F5004212F1 /* HomeTableViewController.swift in Sources */,
				7CE025301C1C805100A16B7C /* BaseTableViewController.swift in Sources */,
				7CE0252C1C1C6B3700A16B7C /* MainTabBar.swift in Sources */,
				7CE2112D1C1BC0FD004212F1 /* AppDelegate.swift in Sources */,
				7C9104A51C212341003EF1D0 /* WelcomeViewController.swift in Sources */,
				7C9104A31C212313003EF1D0 /* NewFeatureViewController.swift in Sources */,
				7CE211E91C1BE52C004212F1 /* MessageTableViewController.swift in Sources */,
				7CE211EB1C1BE53E004212F1 /* DiscoverTableViewController.swift in Sources */,
				7CE025331C1C875400A16B7C /* VisitorLoginView.swift in Sources */,
				7CDBF8901C1DDD3200579199 /* UserAccount.swift in Sources */,
				7C9104A11C2122CD003EF1D0 /* OAuthViewController.swift in Sources */,
				7CE211E51C1BE4DB004212F1 /* MainViewController.swift in Sources */,
				7CE025351C1C8AF600A16B7C /* commom.swift in Sources */,
			);
			runOnlyForDeploymentPostprocessing = 0;
		};
		7CE211391C1BC0FD004212F1 /* Sources */ = {
			isa = PBXSourcesBuildPhase;
			buildActionMask = 2147483647;
			files = (
				7CE211421C1BC0FD004212F1 /* sina_htfTests.swift in Sources */,
			);
			runOnlyForDeploymentPostprocessing = 0;
		};
		7CE211441C1BC0FD004212F1 /* Sources */ = {
			isa = PBXSourcesBuildPhase;
			buildActionMask = 2147483647;
			files = (
				7CE2114D1C1BC0FD004212F1 /* sina_htfUITests.swift in Sources */,
			);
			runOnlyForDeploymentPostprocessing = 0;
		};
/* End PBXSourcesBuildPhase section */

/* Begin PBXTargetDependency section */
		7CE2113F1C1BC0FD004212F1 /* PBXTargetDependency */ = {
			isa = PBXTargetDependency;
			target = 7CE211281C1BC0FD004212F1 /* sina_htf */;
			targetProxy = 7CE2113E1C1BC0FD004212F1 /* PBXContainerItemProxy */;
		};
		7CE2114A1C1BC0FD004212F1 /* PBXTargetDependency */ = {
			isa = PBXTargetDependency;
			target = 7CE211281C1BC0FD004212F1 /* sina_htf */;
			targetProxy = 7CE211491C1BC0FD004212F1 /* PBXContainerItemProxy */;
		};
/* End PBXTargetDependency section */

/* Begin XCBuildConfiguration section */
		7CE2114F1C1BC0FD004212F1 /* Debug */ = {
			isa = XCBuildConfiguration;
			buildSettings = {
				ALWAYS_SEARCH_USER_PATHS = NO;
				CLANG_CXX_LANGUAGE_STANDARD = "gnu++0x";
				CLANG_CXX_LIBRARY = "libc++";
				CLANG_ENABLE_MODULES = YES;
				CLANG_ENABLE_OBJC_ARC = YES;
				CLANG_WARN_BOOL_CONVERSION = YES;
				CLANG_WARN_CONSTANT_CONVERSION = YES;
				CLANG_WARN_DIRECT_OBJC_ISA_USAGE = YES_ERROR;
				CLANG_WARN_EMPTY_BODY = YES;
				CLANG_WARN_ENUM_CONVERSION = YES;
				CLANG_WARN_INT_CONVERSION = YES;
				CLANG_WARN_OBJC_ROOT_CLASS = YES_ERROR;
				CLANG_WARN_UNREACHABLE_CODE = YES;
				CLANG_WARN__DUPLICATE_METHOD_MATCH = YES;
				"CODE_SIGN_IDENTITY[sdk=iphoneos*]" = "iPhone Developer";
				COPY_PHASE_STRIP = NO;
				DEBUG_INFORMATION_FORMAT = dwarf;
				ENABLE_STRICT_OBJC_MSGSEND = YES;
				ENABLE_TESTABILITY = YES;
				GCC_C_LANGUAGE_STANDARD = gnu99;
				GCC_DYNAMIC_NO_PIC = NO;
				GCC_NO_COMMON_BLOCKS = YES;
				GCC_OPTIMIZATION_LEVEL = 0;
				GCC_PREPROCESSOR_DEFINITIONS = (
					"DEBUG=1",
					"$(inherited)",
				);
				GCC_WARN_64_TO_32_BIT_CONVERSION = YES;
				GCC_WARN_ABOUT_RETURN_TYPE = YES_ERROR;
				GCC_WARN_UNDECLARED_SELECTOR = YES;
				GCC_WARN_UNINITIALIZED_AUTOS = YES_AGGRESSIVE;
				GCC_WARN_UNUSED_FUNCTION = YES;
				GCC_WARN_UNUSED_VARIABLE = YES;
				IPHONEOS_DEPLOYMENT_TARGET = 9.2;
				MTL_ENABLE_DEBUG_INFO = YES;
				ONLY_ACTIVE_ARCH = YES;
				SDKROOT = iphoneos;
				SWIFT_OPTIMIZATION_LEVEL = "-Onone";
				TARGETED_DEVICE_FAMILY = "1,2";
			};
			name = Debug;
		};
		7CE211501C1BC0FD004212F1 /* Release */ = {
			isa = XCBuildConfiguration;
			buildSettings = {
				ALWAYS_SEARCH_USER_PATHS = NO;
				CLANG_CXX_LANGUAGE_STANDARD = "gnu++0x";
				CLANG_CXX_LIBRARY = "libc++";
				CLANG_ENABLE_MODULES = YES;
				CLANG_ENABLE_OBJC_ARC = YES;
				CLANG_WARN_BOOL_CONVERSION = YES;
				CLANG_WARN_CONSTANT_CONVERSION = YES;
				CLANG_WARN_DIRECT_OBJC_ISA_USAGE = YES_ERROR;
				CLANG_WARN_EMPTY_BODY = YES;
				CLANG_WARN_ENUM_CONVERSION = YES;
				CLANG_WARN_INT_CONVERSION = YES;
				CLANG_WARN_OBJC_ROOT_CLASS = YES_ERROR;
				CLANG_WARN_UNREACHABLE_CODE = YES;
				CLANG_WARN__DUPLICATE_METHOD_MATCH = YES;
				"CODE_SIGN_IDENTITY[sdk=iphoneos*]" = "iPhone Developer";
				COPY_PHASE_STRIP = NO;
				DEBUG_INFORMATION_FORMAT = "dwarf-with-dsym";
				ENABLE_NS_ASSERTIONS = NO;
				ENABLE_STRICT_OBJC_MSGSEND = YES;
				GCC_C_LANGUAGE_STANDARD = gnu99;
				GCC_NO_COMMON_BLOCKS = YES;
				GCC_WARN_64_TO_32_BIT_CONVERSION = YES;
				GCC_WARN_ABOUT_RETURN_TYPE = YES_ERROR;
				GCC_WARN_UNDECLARED_SELECTOR = YES;
				GCC_WARN_UNINITIALIZED_AUTOS = YES_AGGRESSIVE;
				GCC_WARN_UNUSED_FUNCTION = YES;
				GCC_WARN_UNUSED_VARIABLE = YES;
				IPHONEOS_DEPLOYMENT_TARGET = 9.2;
				MTL_ENABLE_DEBUG_INFO = NO;
				SDKROOT = iphoneos;
				TARGETED_DEVICE_FAMILY = "1,2";
				VALIDATE_PRODUCT = YES;
			};
			name = Release;
		};
		7CE211521C1BC0FD004212F1 /* Debug */ = {
			isa = XCBuildConfiguration;
			baseConfigurationReference = E3E69F135BC47DE22ABBF23A /* Pods.debug.xcconfig */;
			buildSettings = {
				ASSETCATALOG_COMPILER_APPICON_NAME = AppIcon;
				ASSETCATALOG_COMPILER_LAUNCHIMAGE_NAME = "Brand Assets";
				INFOPLIST_FILE = sina_htf/Info.plist;
				IPHONEOS_DEPLOYMENT_TARGET = 8.0;
				LD_RUNPATH_SEARCH_PATHS = "$(inherited) @executable_path/Frameworks";
				PRODUCT_BUNDLE_IDENTIFIER = "cn.somethinginteresting.sina-htf";
				PRODUCT_NAME = "$(TARGET_NAME)";
				TARGETED_DEVICE_FAMILY = "1,2";
			};
			name = Debug;
		};
		7CE211531C1BC0FD004212F1 /* Release */ = {
			isa = XCBuildConfiguration;
			baseConfigurationReference = 1DCD64D8A849D3B97C8F8BD8 /* Pods.release.xcconfig */;
			buildSettings = {
				ASSETCATALOG_COMPILER_APPICON_NAME = AppIcon;
				ASSETCATALOG_COMPILER_LAUNCHIMAGE_NAME = "Brand Assets";
				INFOPLIST_FILE = sina_htf/Info.plist;
				IPHONEOS_DEPLOYMENT_TARGET = 8.0;
				LD_RUNPATH_SEARCH_PATHS = "$(inherited) @executable_path/Frameworks";
				PRODUCT_BUNDLE_IDENTIFIER = "cn.somethinginteresting.sina-htf";
				PRODUCT_NAME = "$(TARGET_NAME)";
				TARGETED_DEVICE_FAMILY = "1,2";
			};
			name = Release;
		};
		7CE211551C1BC0FD004212F1 /* Debug */ = {
			isa = XCBuildConfiguration;
			buildSettings = {
				BUNDLE_LOADER = "$(TEST_HOST)";
				INFOPLIST_FILE = sina_htfTests/Info.plist;
				LD_RUNPATH_SEARCH_PATHS = "$(inherited) @executable_path/Frameworks @loader_path/Frameworks";
				PRODUCT_BUNDLE_IDENTIFIER = "cn.somethinginteresting.sina-htfTests";
				PRODUCT_NAME = "$(TARGET_NAME)";
				TEST_HOST = "$(BUILT_PRODUCTS_DIR)/sina_htf.app/sina_htf";
			};
			name = Debug;
		};
		7CE211561C1BC0FD004212F1 /* Release */ = {
			isa = XCBuildConfiguration;
			buildSettings = {
				BUNDLE_LOADER = "$(TEST_HOST)";
				INFOPLIST_FILE = sina_htfTests/Info.plist;
				LD_RUNPATH_SEARCH_PATHS = "$(inherited) @executable_path/Frameworks @loader_path/Frameworks";
				PRODUCT_BUNDLE_IDENTIFIER = "cn.somethinginteresting.sina-htfTests";
				PRODUCT_NAME = "$(TARGET_NAME)";
				TEST_HOST = "$(BUILT_PRODUCTS_DIR)/sina_htf.app/sina_htf";
			};
			name = Release;
		};
		7CE211581C1BC0FD004212F1 /* Debug */ = {
			isa = XCBuildConfiguration;
			buildSettings = {
				INFOPLIST_FILE = sina_htfUITests/Info.plist;
				LD_RUNPATH_SEARCH_PATHS = "$(inherited) @executable_path/Frameworks @loader_path/Frameworks";
				PRODUCT_BUNDLE_IDENTIFIER = "cn.somethinginteresting.sina-htfUITests";
				PRODUCT_NAME = "$(TARGET_NAME)";
				TEST_TARGET_NAME = sina_htf;
				USES_XCTRUNNER = YES;
			};
			name = Debug;
		};
		7CE211591C1BC0FD004212F1 /* Release */ = {
			isa = XCBuildConfiguration;
			buildSettings = {
				INFOPLIST_FILE = sina_htfUITests/Info.plist;
				LD_RUNPATH_SEARCH_PATHS = "$(inherited) @executable_path/Frameworks @loader_path/Frameworks";
				PRODUCT_BUNDLE_IDENTIFIER = "cn.somethinginteresting.sina-htfUITests";
				PRODUCT_NAME = "$(TARGET_NAME)";
				TEST_TARGET_NAME = sina_htf;
				USES_XCTRUNNER = YES;
			};
			name = Release;
		};
/* End XCBuildConfiguration section */

/* Begin XCConfigurationList section */
		7CE211241C1BC0FD004212F1 /* Build configuration list for PBXProject "sina_htf" */ = {
			isa = XCConfigurationList;
			buildConfigurations = (
				7CE2114F1C1BC0FD004212F1 /* Debug */,
				7CE211501C1BC0FD004212F1 /* Release */,
			);
			defaultConfigurationIsVisible = 0;
			defaultConfigurationName = Release;
		};
		7CE211511C1BC0FD004212F1 /* Build configuration list for PBXNativeTarget "sina_htf" */ = {
			isa = XCConfigurationList;
			buildConfigurations = (
				7CE211521C1BC0FD004212F1 /* Debug */,
				7CE211531C1BC0FD004212F1 /* Release */,
			);
			defaultConfigurationIsVisible = 0;
			defaultConfigurationName = Release;
		};
		7CE211541C1BC0FD004212F1 /* Build configuration list for PBXNativeTarget "sina_htfTests" */ = {
			isa = XCConfigurationList;
			buildConfigurations = (
				7CE211551C1BC0FD004212F1 /* Debug */,
				7CE211561C1BC0FD004212F1 /* Release */,
			);
			defaultConfigurationIsVisible = 0;
			defaultConfigurationName = Release;
		};
		7CE211571C1BC0FD004212F1 /* Build configuration list for PBXNativeTarget "sina_htfUITests" */ = {
			isa = XCConfigurationList;
			buildConfigurations = (
				7CE211581C1BC0FD004212F1 /* Debug */,
				7CE211591C1BC0FD004212F1 /* Release */,
			);
			defaultConfigurationIsVisible = 0;
			defaultConfigurationName = Release;
		};
/* End XCConfigurationList section */
	};
	rootObject = 7CE211211C1BC0FD004212F1 /* Project object */;
}
